
Microsoft Visual Studio Solution File, Format Version 11.00
# Visual Studio 2010
Project("{FAE04EC0-301F-11D3-BF4B-00C04F79EFBC}") = "Dapper.Contrib.Linq.SqlServer", "Dapper.Contrib.Linq.SqlServer.csproj", "{D6DE9A2C-FD99-4389-90EB-836B63F91A28}"
EndProject
Project("{FAE04EC0-301F-11D3-BF4B-00C04F79EFBC}") = "Dapper.Contrib.Linq.SqlServer.Tests", "..\Dapper.Contrib.Linq.SqlServer.Tests\Dapper.Contrib.Linq.SqlServer.Tests.csproj", "{7189AFA7-8ED0-4D72-A4F1-8B1EB41A5BAE}"
EndProject
Project("{2150E333-8FDC-42A3-9474-1A3956D46DE8}") = "Solution Items", "Solution Items", "{B1B845C2-8458-4DEC-8674-08D0141AE471}"
	ProjectSection(SolutionItems) = preProject
		Dapper.Contrib.Linq.SqlServer.vsmdi = Dapper.Contrib.Linq.SqlServer.vsmdi
		Local.testsettings = Local.testsettings
		TraceAndTestImpact.testsettings = TraceAndTestImpact.testsettings
	EndProjectSection
EndProject
Global
	GlobalSection(TestCaseManagementSettings) = postSolution
		CategoryFile = Dapper.Contrib.Linq.SqlServer.vsmdi
	EndGlobalSection
	GlobalSection(SolutionConfigurationPlatforms) = preSolution
		Debug|Any CPU = Debug|Any CPU
		Release|Any CPU = Release|Any CPU
	EndGlobalSection
	GlobalSection(ProjectConfigurationPlatforms) = postSolution
		{D6DE9A2C-FD99-4389-90EB-836B63F91A28}.Debug|Any CPU.ActiveCfg = Debug|Any CPU
		{D6DE9A2C-FD99-4389-90EB-836B63F91A28}.Debug|Any CPU.Build.0 = Debug|Any CPU
		{D6DE9A2C-FD99-4389-90EB-836B63F91A28}.Release|Any CPU.ActiveCfg = Release|Any CPU
		{D6DE9A2C-FD99-4389-90EB-836B63F91A28}.Release|Any CPU.Build.0 = Release|Any CPU
		{7189AFA7-8ED0-4D72-A4F1-8B1EB41A5BAE}.Debug|Any CPU.ActiveCfg = Debug|Any CPU
		{7189AFA7-8ED0-4D72-A4F1-8B1EB41A5BAE}.Debug|Any CPU.Build.0 = Debug|Any CPU
		{7189AFA7-8ED0-4D72-A4F1-8B1EB41A5BAE}.Release|Any CPU.ActiveCfg = Release|Any CPU
		{7189AFA7-8ED0-4D72-A4F1-8B1EB41A5BAE}.Release|Any CPU.Build.0 = Release|Any CPU
	EndGlobalSection
	GlobalSection(SolutionProperties) = preSolution
		HideSolutionNode = FALSE
	EndGlobalSection
EndGlobal
